
Microsoft Visual Studio Solution File, Format Version 12.00
# Visual Studio Version 16
VisualStudioVersion = 16.0.31205.134
MinimumVisualStudioVersion = 10.0.40219.1
Project("{FAE04EC0-301F-11D3-BF4B-00C04F79EFBC}") = "WebApplicationCET", "WebApplicationCET.csproj", "{B736F486-595C-4CA2-ABD7-3630D1691A90}"
EndProject
Global
	GlobalSection(SolutionConfigurationPlatforms) = preSolution
		Debug|Any CPU = Debug|Any CPU
		Release|Any CPU = Release|Any CPU
	EndGlobalSection
	GlobalSection(ProjectConfigurationPlatforms) = postSolution
		{B736F486-595C-4CA2-ABD7-3630D1691A90}.Debug|Any CPU.ActiveCfg = Debug|Any CPU
		{B736F486-595C-4CA2-ABD7-3630D1691A90}.Debug|Any CPU.Build.0 = Debug|Any CPU
		{B736F486-595C-4CA2-ABD7-3630D1691A90}.Release|Any CPU.ActiveCfg = Release|Any CPU
		{B736F486-595C-4CA2-ABD7-3630D1691A90}.Release|Any CPU.Build.0 = Release|Any CPU
	EndGlobalSection
	GlobalSection(SolutionProperties) = preSolution
		HideSolutionNode = FALSE
	EndGlobalSection
	GlobalSection(ExtensibilityGlobals) = postSolution
		SolutionGuid = {2FA19AA5-FA5E-48D9-A959-CFBBAD3F7388}
	EndGlobalSection
EndGlobal
